PODS:
  - ASMAsyncEnumeration (0.1.0)
  - ASMCityHash (0.1)
  - FCModel (0.9.0):
    - FMDB (~> 2.1)
  - FMDB (2.5):
    - FMDB/standard (= 2.5)
  - FMDB/common (2.5)
  - FMDB/standard (2.5):
    - FMDB/common

DEPENDENCIES:
  - ASMAsyncEnumeration
  - ASMCityHash (from `https://github.com/amolloy/ASMCityHash.git`)
  - FCModel (from `https://github.com/marcoarment/FCModel.git`, commit `fcbd0a2e778f471698226c7f6953bdd2df902343`)

EXTERNAL SOURCES:
  ASMCityHash:
    :git: https://github.com/amolloy/ASMCityHash.git
  FCModel:
    :commit: fcbd0a2e778f471698226c7f6953bdd2df902343
    :git: https://github.com/marcoarment/FCModel.git

CHECKOUT OPTIONS:
  ASMCityHash:
    :commit: 8f4d286037484cb382777cdd12304ac8d29a7c68
    :git: https://github.com/amolloy/ASMCityHash.git
  FCModel:
    :commit: fcbd0a2e778f471698226c7f6953bdd2df902343
    :git: https://github.com/marcoarment/FCModel.git

SPEC CHECKSUMS:
  ASMAsyncEnumeration: 1b1100697075ff0c48d1945f900aaf3bbd524cc5
  ASMCityHash: 3c118b9dffb25066d78f7a8bb61a1c8f501f0701
  FCModel: 04bb289914e67f2275cb17fda869131a3529c1a5
  FMDB: 96e8f1bcc1329e269330f99770ad4285d9003e52

COCOAPODS: 0.37.2
