// !$*UTF8*$!
{
	archiveVersion = 1;
	classes = {
	};
	objectVersion = 46;
	objects = {

/* Begin PBXBuildFile section */
		B4402255193366C300FD00E2 /* ASMPlaylistBuilder.m in Sources */ = {isa = PBXBuildFile; fileRef = B4402254193366C300FD00E2 /* ASMPlaylistBuilder.m */; };
		B46D5639194092A800221129 /* MPMediaItem+ASMHash.swift in Sources */ = {isa = PBXBuildFile; fileRef = B46D5638194092A800221129 /* MPMediaItem+ASMHash.swift */; };
		B46D563B194095FD00221129 /* EchoNestManager.swift in Sources */ = {isa = PBXBuildFile; fileRef = B46D563A194095FD00221129 /* EchoNestManager.swift */; };
		B46D563D19409DAF00221129 /* EchoNestTempoWorkQueue.swift in Sources */ = {isa = PBXBuildFile; fileRef = B46D563C19409DAF00221129 /* EchoNestTempoWorkQueue.swift */; };
		B4D5C0E6192D89CF00D6DF4C /* Foundation.framework in Frameworks */ = {isa = PBXBuildFile; fileRef = B4D5C0E5192D89CF00D6DF4C /* Foundation.framework */; };
		B4D5C0E8192D89CF00D6DF4C /* CoreGraphics.framework in Frameworks */ = {isa = PBXBuildFile; fileRef = B4D5C0E7192D89CF00D6DF4C /* CoreGraphics.framework */; };
		B4D5C0EA192D89CF00D6DF4C /* UIKit.framework in Frameworks */ = {isa = PBXBuildFile; fileRef = B4D5C0E9192D89CF00D6DF4C /* UIKit.framework */; };
		B4D5C0F2192D89CF00D6DF4C /* InfoPlist.strings in Resources */ = {isa = PBXBuildFile; fileRef = B4D5C0F0192D89CF00D6DF4C /* InfoPlist.strings */; };
		B4D5C0FB192D89CF00D6DF4C /* Main.storyboard in Resources */ = {isa = PBXBuildFile; fileRef = B4D5C0F9192D89CF00D6DF4C /* Main.storyboard */; };
		B4D5C106192D89CF00D6DF4C /* Images.xcassets in Resources */ = {isa = PBXBuildFile; fileRef = B4D5C105192D89CF00D6DF4C /* Images.xcassets */; };
		B4D5C10D192D89CF00D6DF4C /* XCTest.framework in Frameworks */ = {isa = PBXBuildFile; fileRef = B4D5C10C192D89CF00D6DF4C /* XCTest.framework */; };
		B4D5C10E192D89CF00D6DF4C /* Foundation.framework in Frameworks */ = {isa = PBXBuildFile; fileRef = B4D5C0E5192D89CF00D6DF4C /* Foundation.framework */; };
		B4D5C10F192D89CF00D6DF4C /* UIKit.framework in Frameworks */ = {isa = PBXBuildFile; fileRef = B4D5C0E9192D89CF00D6DF4C /* UIKit.framework */; };
		B4D5C110192D89CF00D6DF4C /* CoreData.framework in Frameworks */ = {isa = PBXBuildFile; fileRef = B4D5C0EB192D89CF00D6DF4C /* CoreData.framework */; };
		B4D5C118192D89CF00D6DF4C /* InfoPlist.strings in Resources */ = {isa = PBXBuildFile; fileRef = B4D5C116192D89CF00D6DF4C /* InfoPlist.strings */; };
		B4D5C11A192D89CF00D6DF4C /* PaceTests.m in Sources */ = {isa = PBXBuildFile; fileRef = B4D5C119192D89CF00D6DF4C /* PaceTests.m */; };
		B4F0E817193D5F65008015D5 /* MediaInfoManager.swift in Sources */ = {isa = PBXBuildFile; fileRef = B4F0E816193D5F65008015D5 /* MediaInfoManager.swift */; };
		B4F0E81E193E0120008015D5 /* Track.swift in Sources */ = {isa = PBXBuildFile; fileRef = B4F0E81D193E0120008015D5 /* Track.swift */; };
		B4F0E820193E6136008015D5 /* paceFC.sqlite3 in Resources */ = {isa = PBXBuildFile; fileRef = B4F0E81F193E6136008015D5 /* paceFC.sqlite3 */; };
		B4F0E823193E7874008015D5 /* AppDelegate.swift in Sources */ = {isa = PBXBuildFile; fileRef = B4F0E821193E7874008015D5 /* AppDelegate.swift */; };
		B4F0E828193F4746008015D5 /* MasterViewController.swift in Sources */ = {isa = PBXBuildFile; fileRef = B4F0E822193E7874008015D5 /* MasterViewController.swift */; };
		F89900A3284343A08C26357B /* libPods.a in Frameworks */ = {isa = PBXBuildFile; fileRef = 252E99B689414A22AA24254B /* libPods.a */; };
/* End PBXBuildFile section */

/* Begin PBXContainerItemProxy section */
		B4D5C111192D89CF00D6DF4C /* PBXContainerItemProxy */ = {
			isa = PBXContainerItemProxy;
			containerPortal = B4D5C0DA192D89CF00D6DF4C /* Project object */;
			proxyType = 1;
			remoteGlobalIDString = B4D5C0E1192D89CF00D6DF4C;
			remoteInfo = Pace;
		};
/* End PBXContainerItemProxy section */

/* Begin PBXFileReference section */
		252E99B689414A22AA24254B /* libPods.a */ = {isa = PBXFileReference; explicitFileType = archive.ar; includeInIndex = 0; path = libPods.a; sourceTree = BUILT_PRODUCTS_DIR; };
		3FF9099C38E80DE23FF350CE /* Pods.release.xcconfig */ = {isa = PBXFileReference; includeInIndex = 1; lastKnownFileType = text.xcconfig; name = Pods.release.xcconfig; path = "Pods/Target Support Files/Pods/Pods.release.xcconfig"; sourceTree = "<group>"; };
		B4402253193366C300FD00E2 /* ASMPlaylistBuilder.h */ = {isa = PBXFileReference; fileEncoding = 4; lastKnownFileType = sourcecode.c.h; path = ASMPlaylistBuilder.h; sourceTree = "<group>"; };
		B4402254193366C300FD00E2 /* ASMPlaylistBuilder.m */ = {isa = PBXFileReference; fileEncoding = 4; lastKnownFileType = sourcecode.c.objc; path = ASMPlaylistBuilder.m; sourceTree = "<group>"; };
		B46D5638194092A800221129 /* MPMediaItem+ASMHash.swift */ = {isa = PBXFileReference; fileEncoding = 4; lastKnownFileType = sourcecode.swift; path = "MPMediaItem+ASMHash.swift"; sourceTree = "<group>"; };
		B46D563A194095FD00221129 /* EchoNestManager.swift */ = {isa = PBXFileReference; fileEncoding = 4; lastKnownFileType = sourcecode.swift; path = EchoNestManager.swift; sourceTree = "<group>"; };
		B46D563C19409DAF00221129 /* EchoNestTempoWorkQueue.swift */ = {isa = PBXFileReference; fileEncoding = 4; lastKnownFileType = sourcecode.swift; path = EchoNestTempoWorkQueue.swift; sourceTree = "<group>"; };
		B4A17E3F1939FA83009A857A /* ASMEchoNestTempoQueue.m */ = {isa = PBXFileReference; fileEncoding = 4; lastKnownFileType = sourcecode.c.objc; path = ASMEchoNestTempoQueue.m; sourceTree = "<group>"; };
		B4BB7C541930BAAE005DD5B9 /* Warnings.xcconfig */ = {isa = PBXFileReference; lastKnownFileType = text.xcconfig; path = Warnings.xcconfig; sourceTree = SOURCE_ROOT; };
		B4D5C0E2192D89CF00D6DF4C /* Pace.app */ = {isa = PBXFileReference; explicitFileType = wrapper.application; includeInIndex = 0; path = Pace.app; sourceTree = BUILT_PRODUCTS_DIR; };
		B4D5C0E5192D89CF00D6DF4C /* Foundation.framework */ = {isa = PBXFileReference; lastKnownFileType = wrapper.framework; name = Foundation.framework; path = System/Library/Frameworks/Foundation.framework; sourceTree = SDKROOT; };
		B4D5C0E7192D89CF00D6DF4C /* CoreGraphics.framework */ = {isa = PBXFileReference; lastKnownFileType = wrapper.framework; name = CoreGraphics.framework; path = System/Library/Frameworks/CoreGraphics.framework; sourceTree = SDKROOT; };
		B4D5C0E9192D89CF00D6DF4C /* UIKit.framework */ = {isa = PBXFileReference; lastKnownFileType = wrapper.framework; name = UIKit.framework; path = System/Library/Frameworks/UIKit.framework; sourceTree = SDKROOT; };
		B4D5C0EB192D89CF00D6DF4C /* CoreData.framework */ = {isa = PBXFileReference; lastKnownFileType = wrapper.framework; name = CoreData.framework; path = System/Library/Frameworks/CoreData.framework; sourceTree = SDKROOT; };
		B4D5C0EF192D89CF00D6DF4C /* Pace-Info.plist */ = {isa = PBXFileReference; lastKnownFileType = text.plist.xml; path = "Pace-Info.plist"; sourceTree = "<group>"; };
		B4D5C0F1192D89CF00D6DF4C /* en */ = {isa = PBXFileReference; lastKnownFileType = text.plist.strings; name = en; path = en.lproj/InfoPlist.strings; sourceTree = "<group>"; };
		B4D5C0F5192D89CF00D6DF4C /* Pace-Prefix.pch */ = {isa = PBXFileReference; lastKnownFileType = sourcecode.c.h; path = "Pace-Prefix.pch"; sourceTree = "<group>"; };
		B4D5C0FA192D89CF00D6DF4C /* Base */ = {isa = PBXFileReference; lastKnownFileType = file.storyboard; name = Base; path = Base.lproj/Main.storyboard; sourceTree = "<group>"; };
		B4D5C105192D89CF00D6DF4C /* Images.xcassets */ = {isa = PBXFileReference; lastKnownFileType = folder.assetcatalog; path = Images.xcassets; sourceTree = "<group>"; };
		B4D5C10B192D89CF00D6DF4C /* PaceTests.xctest */ = {isa = PBXFileReference; explicitFileType = wrapper.cfbundle; includeInIndex = 0; path = PaceTests.xctest; sourceTree = BUILT_PRODUCTS_DIR; };
		B4D5C10C192D89CF00D6DF4C /* XCTest.framework */ = {isa = PBXFileReference; lastKnownFileType = wrapper.framework; name = XCTest.framework; path = Library/Frameworks/XCTest.framework; sourceTree = DEVELOPER_DIR; };
		B4D5C115192D89CF00D6DF4C /* PaceTests-Info.plist */ = {isa = PBXFileReference; lastKnownFileType = text.plist.xml; path = "PaceTests-Info.plist"; sourceTree = "<group>"; };
		B4D5C117192D89CF00D6DF4C /* en */ = {isa = PBXFileReference; lastKnownFileType = text.plist.strings; name = en; path = en.lproj/InfoPlist.strings; sourceTree = "<group>"; };
		B4D5C119192D89CF00D6DF4C /* PaceTests.m */ = {isa = PBXFileReference; lastKnownFileType = sourcecode.c.objc; path = PaceTests.m; sourceTree = "<group>"; };
		B4F0E815193D5F64008015D5 /* Pace-Bridging-Header.h */ = {isa = PBXFileReference; lastKnownFileType = sourcecode.c.h; path = "Pace-Bridging-Header.h"; sourceTree = "<group>"; };
		B4F0E816193D5F65008015D5 /* MediaInfoManager.swift */ = {isa = PBXFileReference; fileEncoding = 4; lastKnownFileType = sourcecode.swift; path = MediaInfoManager.swift; sourceTree = "<group>"; };
		B4F0E81D193E0120008015D5 /* Track.swift */ = {isa = PBXFileReference; fileEncoding = 4; lastKnownFileType = sourcecode.swift; path = Track.swift; sourceTree = "<group>"; };
		B4F0E81F193E6136008015D5 /* paceFC.sqlite3 */ = {isa = PBXFileReference; lastKnownFileType = file; path = paceFC.sqlite3; sourceTree = "<group>"; };
		B4F0E821193E7874008015D5 /* AppDelegate.swift */ = {isa = PBXFileReference; fileEncoding = 4; lastKnownFileType = sourcecode.swift; path = AppDelegate.swift; sourceTree = "<group>"; };
		B4F0E822193E7874008015D5 /* MasterViewController.swift */ = {isa = PBXFileReference; fileEncoding = 4; lastKnownFileType = sourcecode.swift; path = MasterViewController.swift; sourceTree = "<group>"; };
		FABDF1FD1F493D8AE4C5AC02 /* Pods.debug.xcconfig */ = {isa = PBXFileReference; includeInIndex = 1; lastKnownFileType = text.xcconfig; name = Pods.debug.xcconfig; path = "Pods/Target Support Files/Pods/Pods.debug.xcconfig"; sourceTree = "<group>"; };
/* End PBXFileReference section */

/* Begin PBXFrameworksBuildPhase section */
		B4D5C0DF192D89CF00D6DF4C /* Frameworks */ = {
			isa = PBXFrameworksBuildPhase;
			buildActionMask = 2147483647;
			files = (
				B4D5C0E8192D89CF00D6DF4C /* CoreGraphics.framework in Frameworks */,
				B4D5C0EA192D89CF00D6DF4C /* UIKit.framework in Frameworks */,
				B4D5C0E6192D89CF00D6DF4C /* Foundation.framework in Frameworks */,
				F89900A3284343A08C26357B /* libPods.a in Frameworks */,
			);
			runOnlyForDeploymentPostprocessing = 0;
		};
		B4D5C108192D89CF00D6DF4C /* Frameworks */ = {
			isa = PBXFrameworksBuildPhase;
			buildActionMask = 2147483647;
			files = (
				B4D5C10D192D89CF00D6DF4C /* XCTest.framework in Frameworks */,
				B4D5C110192D89CF00D6DF4C /* CoreData.framework in Frameworks */,
				B4D5C10F192D89CF00D6DF4C /* UIKit.framework in Frameworks */,
				B4D5C10E192D89CF00D6DF4C /* Foundation.framework in Frameworks */,
			);
			runOnlyForDeploymentPostprocessing = 0;
		};
/* End PBXFrameworksBuildPhase section */

/* Begin PBXGroup section */
		568EFD8D8083EE8B54F11DAA /* Pods */ = {
			isa = PBXGroup;
			children = (
				FABDF1FD1F493D8AE4C5AC02 /* Pods.debug.xcconfig */,
				3FF9099C38E80DE23FF350CE /* Pods.release.xcconfig */,
			);
			name = Pods;
			sourceTree = "<group>";
		};
		B498B9F8192F652F00CB4BCC /* Data Model */ = {
			isa = PBXGroup;
			children = (
				B4F0E81F193E6136008015D5 /* paceFC.sqlite3 */,
				B4F0E81D193E0120008015D5 /* Track.swift */,
			);
			path = "Data Model";
			sourceTree = "<group>";
		};
		B49C88E7192FDD6700F4D178 /* Tempo Provider */ = {
			isa = PBXGroup;
			children = (
				B46D563A194095FD00221129 /* EchoNestManager.swift */,
				B4A17E3F1939FA83009A857A /* ASMEchoNestTempoQueue.m */,
				B46D563C19409DAF00221129 /* EchoNestTempoWorkQueue.swift */,
			);
			path = "Tempo Provider";
			sourceTree = "<group>";
		};
		B4D5C0D9192D89CF00D6DF4C = {
			isa = PBXGroup;
			children = (
				B4D5C0ED192D89CF00D6DF4C /* Pace */,
				B4D5C113192D89CF00D6DF4C /* PaceTests */,
				B4D5C0E4192D89CF00D6DF4C /* Frameworks */,
				B4D5C0E3192D89CF00D6DF4C /* Products */,
				568EFD8D8083EE8B54F11DAA /* Pods */,
			);
			sourceTree = "<group>";
		};
		B4D5C0E3192D89CF00D6DF4C /* Products */ = {
			isa = PBXGroup;
			children = (
				B4D5C0E2192D89CF00D6DF4C /* Pace.app */,
				B4D5C10B192D89CF00D6DF4C /* PaceTests.xctest */,
			);
			name = Products;
			sourceTree = "<group>";
		};
		B4D5C0E4192D89CF00D6DF4C /* Frameworks */ = {
			isa = PBXGroup;
			children = (
				B4D5C0E5192D89CF00D6DF4C /* Foundation.framework */,
				B4D5C0E7192D89CF00D6DF4C /* CoreGraphics.framework */,
				B4D5C0E9192D89CF00D6DF4C /* UIKit.framework */,
				B4D5C0EB192D89CF00D6DF4C /* CoreData.framework */,
				B4D5C10C192D89CF00D6DF4C /* XCTest.framework */,
				252E99B689414A22AA24254B /* libPods.a */,
			);
			name = Frameworks;
			sourceTree = "<group>";
		};
		B4D5C0ED192D89CF00D6DF4C /* Pace */ = {
			isa = PBXGroup;
			children = (
				B4F0E821193E7874008015D5 /* AppDelegate.swift */,
				B49C88E7192FDD6700F4D178 /* Tempo Provider */,
				B498B9F8192F652F00CB4BCC /* Data Model */,
				B4D5C0F9192D89CF00D6DF4C /* Main.storyboard */,
				B4F0E822193E7874008015D5 /* MasterViewController.swift */,
				B4D5C105192D89CF00D6DF4C /* Images.xcassets */,
				B4D5C0EE192D89CF00D6DF4C /* Supporting Files */,
				B4402253193366C300FD00E2 /* ASMPlaylistBuilder.h */,
				B4402254193366C300FD00E2 /* ASMPlaylistBuilder.m */,
				B4F0E816193D5F65008015D5 /* MediaInfoManager.swift */,
				B4F0E815193D5F64008015D5 /* Pace-Bridging-Header.h */,
				B46D5638194092A800221129 /* MPMediaItem+ASMHash.swift */,
			);
			path = Pace;
			sourceTree = "<group>";
		};
		B4D5C0EE192D89CF00D6DF4C /* Supporting Files */ = {
			isa = PBXGroup;
			children = (
				B4BB7C541930BAAE005DD5B9 /* Warnings.xcconfig */,
				B4D5C0EF192D89CF00D6DF4C /* Pace-Info.plist */,
				B4D5C0F0192D89CF00D6DF4C /* InfoPlist.strings */,
				B4D5C0F5192D89CF00D6DF4C /* Pace-Prefix.pch */,
			);
			name = "Supporting Files";
			sourceTree = "<group>";
		};
		B4D5C113192D89CF00D6DF4C /* PaceTests */ = {
			isa = PBXGroup;
			children = (
				B4D5C119192D89CF00D6DF4C /* PaceTests.m */,
				B4D5C114192D89CF00D6DF4C /* Supporting Files */,
			);
			path = PaceTests;
			sourceTree = "<group>";
		};
		B4D5C114192D89CF00D6DF4C /* Supporting Files */ = {
			isa = PBXGroup;
			children = (
				B4D5C115192D89CF00D6DF4C /* PaceTests-Info.plist */,
				B4D5C116192D89CF00D6DF4C /* InfoPlist.strings */,
			);
			name = "Supporting Files";
			sourceTree = "<group>";
		};
/* End PBXGroup section */

/* Begin PBXNativeTarget section */
		B4D5C0E1192D89CF00D6DF4C /* Pace */ = {
			isa = PBXNativeTarget;
			buildConfigurationList = B4D5C11D192D89CF00D6DF4C /* Build configuration list for PBXNativeTarget "Pace" */;
			buildPhases = (
				3B522D62ADD3408B827B18DD /* Check Pods Manifest.lock */,
				B4D5C0DE192D89CF00D6DF4C /* Sources */,
				B4D5C0DF192D89CF00D6DF4C /* Frameworks */,
				B4D5C0E0192D89CF00D6DF4C /* Resources */,
				1CADDFFBCAB74A5C933FB17F /* Copy Pods Resources */,
			);
			buildRules = (
			);
			dependencies = (
			);
			name = Pace;
			productName = Pace;
			productReference = B4D5C0E2192D89CF00D6DF4C /* Pace.app */;
			productType = "com.apple.product-type.application";
		};
		B4D5C10A192D89CF00D6DF4C /* PaceTests */ = {
			isa = PBXNativeTarget;
			buildConfigurationList = B4D5C120192D89CF00D6DF4C /* Build configuration list for PBXNativeTarget "PaceTests" */;
			buildPhases = (
				B4D5C107192D89CF00D6DF4C /* Sources */,
				B4D5C108192D89CF00D6DF4C /* Frameworks */,
				B4D5C109192D89CF00D6DF4C /* Resources */,
			);
			buildRules = (
			);
			dependencies = (
				B4D5C112192D89CF00D6DF4C /* PBXTargetDependency */,
			);
			name = PaceTests;
			productName = PaceTests;
			productReference = B4D5C10B192D89CF00D6DF4C /* PaceTests.xctest */;
			productType = "com.apple.product-type.bundle.unit-test";
		};
/* End PBXNativeTarget section */

/* Begin PBXProject section */
		B4D5C0DA192D89CF00D6DF4C /* Project object */ = {
			isa = PBXProject;
			attributes = {
				CLASSPREFIX = ASM;
				LastSwiftMigration = 0700;
				LastSwiftUpdateCheck = 0700;
				LastUpgradeCheck = 0700;
				ORGANIZATIONNAME = "Andrew Molloy";
				TargetAttributes = {
					B4D5C10A192D89CF00D6DF4C = {
						TestTargetID = B4D5C0E1192D89CF00D6DF4C;
					};
				};
			};
			buildConfigurationList = B4D5C0DD192D89CF00D6DF4C /* Build configuration list for PBXProject "Pace" */;
			compatibilityVersion = "Xcode 3.2";
			developmentRegion = English;
			hasScannedForEncodings = 0;
			knownRegions = (
				en,
				Base,
			);
			mainGroup = B4D5C0D9192D89CF00D6DF4C;
			productRefGroup = B4D5C0E3192D89CF00D6DF4C /* Products */;
			projectDirPath = "";
			projectRoot = "";
			targets = (
				B4D5C0E1192D89CF00D6DF4C /* Pace */,
				B4D5C10A192D89CF00D6DF4C /* PaceTests */,
			);
		};
/* End PBXProject section */

/* Begin PBXResourcesBuildPhase section */
		B4D5C0E0192D89CF00D6DF4C /* Resources */ = {
			isa = PBXResourcesBuildPhase;
			buildActionMask = 2147483647;
			files = (
				B4D5C106192D89CF00D6DF4C /* Images.xcassets in Resources */,
				B4D5C0F2192D89CF00D6DF4C /* InfoPlist.strings in Resources */,
				B4D5C0FB192D89CF00D6DF4C /* Main.storyboard in Resources */,
				B4F0E820193E6136008015D5 /* paceFC.sqlite3 in Resources */,
			);
			runOnlyForDeploymentPostprocessing = 0;
		};
		B4D5C109192D89CF00D6DF4C /* Resources */ = {
			isa = PBXResourcesBuildPhase;
			buildActionMask = 2147483647;
			files = (
				B4D5C118192D89CF00D6DF4C /* InfoPlist.strings in Resources */,
			);
			runOnlyForDeploymentPostprocessing = 0;
		};
/* End PBXResourcesBuildPhase section */

/* Begin PBXShellScriptBuildPhase section */
		1CADDFFBCAB74A5C933FB17F /* Copy Pods Resources */ = {
			isa = PBXShellScriptBuildPhase;
			buildActionMask = 2147483647;
			files = (
			);
			inputPaths = (
			);
			name = "Copy Pods Resources";
			outputPaths = (
			);
			runOnlyForDeploymentPostprocessing = 0;
			shellPath = /bin/sh;
			shellScript = "\"${SRCROOT}/Pods/Target Support Files/Pods/Pods-resources.sh\"\n";
			showEnvVarsInLog = 0;
		};
		3B522D62ADD3408B827B18DD /* Check Pods Manifest.lock */ = {
			isa = PBXShellScriptBuildPhase;
			buildActionMask = 2147483647;
			files = (
			);
			inputPaths = (
			);
			name = "Check Pods Manifest.lock";
			outputPaths = (
			);
			runOnlyForDeploymentPostprocessing = 0;
			shellPath = /bin/sh;
			shellScript = "diff \"${PODS_ROOT}/../Podfile.lock\" \"${PODS_ROOT}/Manifest.lock\" > /dev/null\nif [[ $? != 0 ]] ; then\n    cat << EOM\nerror: The sandbox is not in sync with the Podfile.lock. Run 'pod install' or update your CocoaPods installation.\nEOM\n    exit 1\nfi\n";
			showEnvVarsInLog = 0;
		};
/* End PBXShellScriptBuildPhase section */

/* Begin PBXSourcesBuildPhase section */
		B4D5C0DE192D89CF00D6DF4C /* Sources */ = {
			isa = PBXSourcesBuildPhase;
			buildActionMask = 2147483647;
			files = (
				B46D563D19409DAF00221129 /* EchoNestTempoWorkQueue.swift in Sources */,
				B4F0E81E193E0120008015D5 /* Track.swift in Sources */,
				B46D5639194092A800221129 /* MPMediaItem+ASMHash.swift in Sources */,
				B4F0E828193F4746008015D5 /* MasterViewController.swift in Sources */,
				B4402255193366C300FD00E2 /* ASMPlaylistBuilder.m in Sources */,
				B4F0E823193E7874008015D5 /* AppDelegate.swift in Sources */,
				B4F0E817193D5F65008015D5 /* MediaInfoManager.swift in Sources */,
				B46D563B194095FD00221129 /* EchoNestManager.swift in Sources */,
			);
			runOnlyForDeploymentPostprocessing = 0;
		};
		B4D5C107192D89CF00D6DF4C /* Sources */ = {
			isa = PBXSourcesBuildPhase;
			buildActionMask = 2147483647;
			files = (
				B4D5C11A192D89CF00D6DF4C /* PaceTests.m in Sources */,
			);
			runOnlyForDeploymentPostprocessing = 0;
		};
/* End PBXSourcesBuildPhase section */

/* Begin PBXTargetDependency section */
		B4D5C112192D89CF00D6DF4C /* PBXTargetDependency */ = {
			isa = PBXTargetDependency;
			target = B4D5C0E1192D89CF00D6DF4C /* Pace */;
			targetProxy = B4D5C111192D89CF00D6DF4C /* PBXContainerItemProxy */;
		};
/* End PBXTargetDependency section */

/* Begin PBXVariantGroup section */
		B4D5C0F0192D89CF00D6DF4C /* InfoPlist.strings */ = {
			isa = PBXVariantGroup;
			children = (
				B4D5C0F1192D89CF00D6DF4C /* en */,
			);
			name = InfoPlist.strings;
			sourceTree = "<group>";
		};
		B4D5C0F9192D89CF00D6DF4C /* Main.storyboard */ = {
			isa = PBXVariantGroup;
			children = (
				B4D5C0FA192D89CF00D6DF4C /* Base */,
			);
			name = Main.storyboard;
			sourceTree = "<group>";
		};
		B4D5C116192D89CF00D6DF4C /* InfoPlist.strings */ = {
			isa = PBXVariantGroup;
			children = (
				B4D5C117192D89CF00D6DF4C /* en */,
			);
			name = InfoPlist.strings;
			sourceTree = "<group>";
		};
/* End PBXVariantGroup section */

/* Begin XCBuildConfiguration section */
		B4D5C11B192D89CF00D6DF4C /* Debug */ = {
			isa = XCBuildConfiguration;
			baseConfigurationReference = B4BB7C541930BAAE005DD5B9 /* Warnings.xcconfig */;
			buildSettings = {
				ALWAYS_SEARCH_USER_PATHS = NO;
				CLANG_CXX_LANGUAGE_STANDARD = "gnu++0x";
				CLANG_CXX_LIBRARY = "libc++";
				CLANG_ENABLE_MODULES = YES;
				CLANG_ENABLE_OBJC_ARC = YES;
				CLANG_WARN_BOOL_CONVERSION = YES;
				CLANG_WARN_CONSTANT_CONVERSION = YES;
				CLANG_WARN_DIRECT_OBJC_ISA_USAGE = YES_ERROR;
				CLANG_WARN_EMPTY_BODY = YES;
				CLANG_WARN_ENUM_CONVERSION = YES;
				CLANG_WARN_INT_CONVERSION = YES;
				CLANG_WARN_OBJC_ROOT_CLASS = YES_ERROR;
				CLANG_WARN__DUPLICATE_METHOD_MATCH = YES;
				"CODE_SIGN_IDENTITY[sdk=iphoneos*]" = "iPhone Developer";
				COPY_PHASE_STRIP = NO;
				ENABLE_STRICT_OBJC_MSGSEND = YES;
				ENABLE_TESTABILITY = YES;
				GCC_C_LANGUAGE_STANDARD = gnu99;
				GCC_DYNAMIC_NO_PIC = NO;
				GCC_OPTIMIZATION_LEVEL = 0;
				GCC_PREPROCESSOR_DEFINITIONS = (
					"DEBUG=1",
					"$(inherited)",
				);
				GCC_SYMBOLS_PRIVATE_EXTERN = NO;
				GCC_WARN_64_TO_32_BIT_CONVERSION = YES;
				GCC_WARN_ABOUT_RETURN_TYPE = YES_ERROR;
				GCC_WARN_UNDECLARED_SELECTOR = YES;
				GCC_WARN_UNINITIALIZED_AUTOS = YES_AGGRESSIVE;
				GCC_WARN_UNUSED_FUNCTION = YES;
				GCC_WARN_UNUSED_VARIABLE = YES;
				IPHONEOS_DEPLOYMENT_TARGET = 8.0;
				ONLY_ACTIVE_ARCH = YES;
				SDKROOT = iphoneos;
			};
			name = Debug;
		};
		B4D5C11C192D89CF00D6DF4C /* Release */ = {
			isa = XCBuildConfiguration;
			buildSettings = {
				ALWAYS_SEARCH_USER_PATHS = NO;
				CLANG_CXX_LANGUAGE_STANDARD = "gnu++0x";
				CLANG_CXX_LIBRARY = "libc++";
				CLANG_ENABLE_MODULES = YES;
				CLANG_ENABLE_OBJC_ARC = YES;
				CLANG_WARN_BOOL_CONVERSION = YES;
				CLANG_WARN_CONSTANT_CONVERSION = YES;
				CLANG_WARN_DIRECT_OBJC_ISA_USAGE = YES_ERROR;
				CLANG_WARN_EMPTY_BODY = YES;
				CLANG_WARN_ENUM_CONVERSION = YES;
				CLANG_WARN_INT_CONVERSION = YES;
				CLANG_WARN_OBJC_ROOT_CLASS = YES_ERROR;
				CLANG_WARN__DUPLICATE_METHOD_MATCH = YES;
				"CODE_SIGN_IDENTITY[sdk=iphoneos*]" = "iPhone Developer";
				COPY_PHASE_STRIP = YES;
				ENABLE_NS_ASSERTIONS = NO;
				ENABLE_STRICT_OBJC_MSGSEND = YES;
				GCC_C_LANGUAGE_STANDARD = gnu99;
				GCC_WARN_64_TO_32_BIT_CONVERSION = YES;
				GCC_WARN_ABOUT_RETURN_TYPE = YES_ERROR;
				GCC_WARN_UNDECLARED_SELECTOR = YES;
				GCC_WARN_UNINITIALIZED_AUTOS = YES_AGGRESSIVE;
				GCC_WARN_UNUSED_FUNCTION = YES;
				GCC_WARN_UNUSED_VARIABLE = YES;
				IPHONEOS_DEPLOYMENT_TARGET = 8.0;
				SDKROOT = iphoneos;
				VALIDATE_PRODUCT = YES;
			};
			name = Release;
		};
		B4D5C11E192D89CF00D6DF4C /* Debug */ = {
			isa = XCBuildConfiguration;
			baseConfigurationReference = FABDF1FD1F493D8AE4C5AC02 /* Pods.debug.xcconfig */;
			buildSettings = {
				ASSETCATALOG_COMPILER_APPICON_NAME = AppIcon;
				ASSETCATALOG_COMPILER_LAUNCHIMAGE_NAME = LaunchImage;
				CLANG_ENABLE_MODULES = YES;
				GCC_PRECOMPILE_PREFIX_HEADER = YES;
				GCC_PREFIX_HEADER = "Pace/Pace-Prefix.pch";
				INFOPLIST_FILE = "Pace/Pace-Info.plist";
				LD_RUNPATH_SEARCH_PATHS = "@executable_path/Frameworks";
				PRODUCT_BUNDLE_IDENTIFIER = "com.amolloy.${PRODUCT_NAME:rfc1034identifier}";
				PRODUCT_NAME = "$(TARGET_NAME)";
				SWIFT_OBJC_BRIDGING_HEADER = "Pace/Pace-Bridging-Header.h";
				SWIFT_OPTIMIZATION_LEVEL = "-Onone";
				WRAPPER_EXTENSION = app;
			};
			name = Debug;
		};
		B4D5C11F192D89CF00D6DF4C /* Release */ = {
			isa = XCBuildConfiguration;
			baseConfigurationReference = 3FF9099C38E80DE23FF350CE /* Pods.release.xcconfig */;
			buildSettings = {
				ASSETCATALOG_COMPILER_APPICON_NAME = AppIcon;
				ASSETCATALOG_COMPILER_LAUNCHIMAGE_NAME = LaunchImage;
				CLANG_ENABLE_MODULES = YES;
				GCC_PRECOMPILE_PREFIX_HEADER = YES;
				GCC_PREFIX_HEADER = "Pace/Pace-Prefix.pch";
				INFOPLIST_FILE = "Pace/Pace-Info.plist";
				LD_RUNPATH_SEARCH_PATHS = "@executable_path/Frameworks";
				PRODUCT_BUNDLE_IDENTIFIER = "com.amolloy.${PRODUCT_NAME:rfc1034identifier}";
				PRODUCT_NAME = "$(TARGET_NAME)";
				SWIFT_OBJC_BRIDGING_HEADER = "Pace/Pace-Bridging-Header.h";
				WRAPPER_EXTENSION = app;
			};
			name = Release;
		};
		B4D5C121192D89CF00D6DF4C /* Debug */ = {
			isa = XCBuildConfiguration;
			buildSettings = {
				BUNDLE_LOADER = "$(BUILT_PRODUCTS_DIR)/Pace.app/Pace";
				FRAMEWORK_SEARCH_PATHS = (
					"$(SDKROOT)/Developer/Library/Frameworks",
					"$(inherited)",
					"$(DEVELOPER_FRAMEWORKS_DIR)",
				);
				GCC_PRECOMPILE_PREFIX_HEADER = YES;
				GCC_PREFIX_HEADER = "Pace/Pace-Prefix.pch";
				GCC_PREPROCESSOR_DEFINITIONS = (
					"DEBUG=1",
					"$(inherited)",
				);
				INFOPLIST_FILE = "PaceTests/PaceTests-Info.plist";
				PRODUCT_BUNDLE_IDENTIFIER = "com.amolloy.${PRODUCT_NAME:rfc1034identifier}";
				PRODUCT_NAME = "$(TARGET_NAME)";
				TEST_HOST = "$(BUNDLE_LOADER)";
				WRAPPER_EXTENSION = xctest;
			};
			name = Debug;
		};
		B4D5C122192D89CF00D6DF4C /* Release */ = {
			isa = XCBuildConfiguration;
			buildSettings = {
				BUNDLE_LOADER = "$(BUILT_PRODUCTS_DIR)/Pace.app/Pace";
				FRAMEWORK_SEARCH_PATHS = (
					"$(SDKROOT)/Developer/Library/Frameworks",
					"$(inherited)",
					"$(DEVELOPER_FRAMEWORKS_DIR)",
				);
				GCC_PRECOMPILE_PREFIX_HEADER = YES;
				GCC_PREFIX_HEADER = "Pace/Pace-Prefix.pch";
				INFOPLIST_FILE = "PaceTests/PaceTests-Info.plist";
				PRODUCT_BUNDLE_IDENTIFIER = "com.amolloy.${PRODUCT_NAME:rfc1034identifier}";
				PRODUCT_NAME = "$(TARGET_NAME)";
				TEST_HOST = "$(BUNDLE_LOADER)";
				WRAPPER_EXTENSION = xctest;
			};
			name = Release;
		};
/* End XCBuildConfiguration section */

/* Begin XCConfigurationList section */
		B4D5C0DD192D89CF00D6DF4C /* Build configuration list for PBXProject "Pace" */ = {
			isa = XCConfigurationList;
			buildConfigurations = (
				B4D5C11B192D89CF00D6DF4C /* Debug */,
				B4D5C11C192D89CF00D6DF4C /* Release */,
			);
			defaultConfigurationIsVisible = 0;
			defaultConfigurationName = Release;
		};
		B4D5C11D192D89CF00D6DF4C /* Build configuration list for PBXNativeTarget "Pace" */ = {
			isa = XCConfigurationList;
			buildConfigurations = (
				B4D5C11E192D89CF00D6DF4C /* Debug */,
				B4D5C11F192D89CF00D6DF4C /* Release */,
			);
			defaultConfigurationIsVisible = 0;
			defaultConfigurationName = Release;
		};
		B4D5C120192D89CF00D6DF4C /* Build configuration list for PBXNativeTarget "PaceTests" */ = {
			isa = XCConfigurationList;
			buildConfigurations = (
				B4D5C121192D89CF00D6DF4C /* Debug */,
				B4D5C122192D89CF00D6DF4C /* Release */,
			);
			defaultConfigurationIsVisible = 0;
			defaultConfigurationName = Release;
		};
/* End XCConfigurationList section */
	};
	rootObject = B4D5C0DA192D89CF00D6DF4C /* Project object */;
}
