// !$*UTF8*$!
{
	archiveVersion = 1;
	classes = {
	};
	objectVersion = 46;
	objects = {

/* Begin PBXAggregateTarget section */
		B479B0B6192D8D2F00449566 /* Mogenerate */ = {
			isa = PBXAggregateTarget;
			buildConfigurationList = B479B0B9192D8D2F00449566 /* Build configuration list for PBXAggregateTarget "Mogenerate" */;
			buildPhases = (
				B479B0BA192D8D3500449566 /* ShellScript */,
			);
			dependencies = (
			);
			name = Mogenerate;
			productName = Mogenerate;
		};
/* End PBXAggregateTarget section */

/* Begin PBXBuildFile section */
		B4D5C0E6192D89CF00D6DF4C /* Foundation.framework in Frameworks */ = {isa = PBXBuildFile; fileRef = B4D5C0E5192D89CF00D6DF4C /* Foundation.framework */; };
		B4D5C0E8192D89CF00D6DF4C /* CoreGraphics.framework in Frameworks */ = {isa = PBXBuildFile; fileRef = B4D5C0E7192D89CF00D6DF4C /* CoreGraphics.framework */; };
		B4D5C0EA192D89CF00D6DF4C /* UIKit.framework in Frameworks */ = {isa = PBXBuildFile; fileRef = B4D5C0E9192D89CF00D6DF4C /* UIKit.framework */; };
		B4D5C0EC192D89CF00D6DF4C /* CoreData.framework in Frameworks */ = {isa = PBXBuildFile; fileRef = B4D5C0EB192D89CF00D6DF4C /* CoreData.framework */; };
		B4D5C0F2192D89CF00D6DF4C /* InfoPlist.strings in Resources */ = {isa = PBXBuildFile; fileRef = B4D5C0F0192D89CF00D6DF4C /* InfoPlist.strings */; };
		B4D5C0F4192D89CF00D6DF4C /* main.m in Sources */ = {isa = PBXBuildFile; fileRef = B4D5C0F3192D89CF00D6DF4C /* main.m */; };
		B4D5C0F8192D89CF00D6DF4C /* ASMAppDelegate.m in Sources */ = {isa = PBXBuildFile; fileRef = B4D5C0F7192D89CF00D6DF4C /* ASMAppDelegate.m */; };
		B4D5C0FB192D89CF00D6DF4C /* Main.storyboard in Resources */ = {isa = PBXBuildFile; fileRef = B4D5C0F9192D89CF00D6DF4C /* Main.storyboard */; };
		B4D5C0FE192D89CF00D6DF4C /* Pace.xcdatamodeld in Sources */ = {isa = PBXBuildFile; fileRef = B4D5C0FC192D89CF00D6DF4C /* Pace.xcdatamodeld */; };
		B4D5C101192D89CF00D6DF4C /* ASMMasterViewController.m in Sources */ = {isa = PBXBuildFile; fileRef = B4D5C100192D89CF00D6DF4C /* ASMMasterViewController.m */; };
		B4D5C104192D89CF00D6DF4C /* ASMDetailViewController.m in Sources */ = {isa = PBXBuildFile; fileRef = B4D5C103192D89CF00D6DF4C /* ASMDetailViewController.m */; };
		B4D5C106192D89CF00D6DF4C /* Images.xcassets in Resources */ = {isa = PBXBuildFile; fileRef = B4D5C105192D89CF00D6DF4C /* Images.xcassets */; };
		B4D5C10D192D89CF00D6DF4C /* XCTest.framework in Frameworks */ = {isa = PBXBuildFile; fileRef = B4D5C10C192D89CF00D6DF4C /* XCTest.framework */; };
		B4D5C10E192D89CF00D6DF4C /* Foundation.framework in Frameworks */ = {isa = PBXBuildFile; fileRef = B4D5C0E5192D89CF00D6DF4C /* Foundation.framework */; };
		B4D5C10F192D89CF00D6DF4C /* UIKit.framework in Frameworks */ = {isa = PBXBuildFile; fileRef = B4D5C0E9192D89CF00D6DF4C /* UIKit.framework */; };
		B4D5C110192D89CF00D6DF4C /* CoreData.framework in Frameworks */ = {isa = PBXBuildFile; fileRef = B4D5C0EB192D89CF00D6DF4C /* CoreData.framework */; };
		B4D5C118192D89CF00D6DF4C /* InfoPlist.strings in Resources */ = {isa = PBXBuildFile; fileRef = B4D5C116192D89CF00D6DF4C /* InfoPlist.strings */; };
		B4D5C11A192D89CF00D6DF4C /* PaceTests.m in Sources */ = {isa = PBXBuildFile; fileRef = B4D5C119192D89CF00D6DF4C /* PaceTests.m */; };
		B4E53624192D8E8E00F4C59F /* _ASMArtist.m in Sources */ = {isa = PBXBuildFile; fileRef = B4E5361D192D8E8E00F4C59F /* _ASMArtist.m */; };
		B4E53625192D8E8E00F4C59F /* _ASMTrack.m in Sources */ = {isa = PBXBuildFile; fileRef = B4E5361F192D8E8E00F4C59F /* _ASMTrack.m */; };
		B4E53626192D8E8E00F4C59F /* ASMArtist.m in Sources */ = {isa = PBXBuildFile; fileRef = B4E53621192D8E8E00F4C59F /* ASMArtist.m */; };
		B4E53627192D8E8E00F4C59F /* ASMTrack.m in Sources */ = {isa = PBXBuildFile; fileRef = B4E53623192D8E8E00F4C59F /* ASMTrack.m */; };
		B4E5362C192D8F1F00F4C59F /* ASMMusicInfoImporter.m in Sources */ = {isa = PBXBuildFile; fileRef = B4E5362B192D8F1F00F4C59F /* ASMMusicInfoImporter.m */; };
		F89900A3284343A08C26357B /* libPods.a in Frameworks */ = {isa = PBXBuildFile; fileRef = 252E99B689414A22AA24254B /* libPods.a */; };
/* End PBXBuildFile section */

/* Begin PBXContainerItemProxy section */
		B4D5C111192D89CF00D6DF4C /* PBXContainerItemProxy */ = {
			isa = PBXContainerItemProxy;
			containerPortal = B4D5C0DA192D89CF00D6DF4C /* Project object */;
			proxyType = 1;
			remoteGlobalIDString = B4D5C0E1192D89CF00D6DF4C;
			remoteInfo = Pace;
		};
/* End PBXContainerItemProxy section */

/* Begin PBXFileReference section */
		0984905DDCAD47118410A59B /* Pods.xcconfig */ = {isa = PBXFileReference; includeInIndex = 1; lastKnownFileType = text.xcconfig; name = Pods.xcconfig; path = Pods/Pods.xcconfig; sourceTree = "<group>"; };
		252E99B689414A22AA24254B /* libPods.a */ = {isa = PBXFileReference; explicitFileType = archive.ar; includeInIndex = 0; path = libPods.a; sourceTree = BUILT_PRODUCTS_DIR; };
		B4D5C0E2192D89CF00D6DF4C /* Pace.app */ = {isa = PBXFileReference; explicitFileType = wrapper.application; includeInIndex = 0; path = Pace.app; sourceTree = BUILT_PRODUCTS_DIR; };
		B4D5C0E5192D89CF00D6DF4C /* Foundation.framework */ = {isa = PBXFileReference; lastKnownFileType = wrapper.framework; name = Foundation.framework; path = System/Library/Frameworks/Foundation.framework; sourceTree = SDKROOT; };
		B4D5C0E7192D89CF00D6DF4C /* CoreGraphics.framework */ = {isa = PBXFileReference; lastKnownFileType = wrapper.framework; name = CoreGraphics.framework; path = System/Library/Frameworks/CoreGraphics.framework; sourceTree = SDKROOT; };
		B4D5C0E9192D89CF00D6DF4C /* UIKit.framework */ = {isa = PBXFileReference; lastKnownFileType = wrapper.framework; name = UIKit.framework; path = System/Library/Frameworks/UIKit.framework; sourceTree = SDKROOT; };
		B4D5C0EB192D89CF00D6DF4C /* CoreData.framework */ = {isa = PBXFileReference; lastKnownFileType = wrapper.framework; name = CoreData.framework; path = System/Library/Frameworks/CoreData.framework; sourceTree = SDKROOT; };
		B4D5C0EF192D89CF00D6DF4C /* Pace-Info.plist */ = {isa = PBXFileReference; lastKnownFileType = text.plist.xml; path = "Pace-Info.plist"; sourceTree = "<group>"; };
		B4D5C0F1192D89CF00D6DF4C /* en */ = {isa = PBXFileReference; lastKnownFileType = text.plist.strings; name = en; path = en.lproj/InfoPlist.strings; sourceTree = "<group>"; };
		B4D5C0F3192D89CF00D6DF4C /* main.m */ = {isa = PBXFileReference; lastKnownFileType = sourcecode.c.objc; path = main.m; sourceTree = "<group>"; };
		B4D5C0F5192D89CF00D6DF4C /* Pace-Prefix.pch */ = {isa = PBXFileReference; lastKnownFileType = sourcecode.c.h; path = "Pace-Prefix.pch"; sourceTree = "<group>"; };
		B4D5C0F6192D89CF00D6DF4C /* ASMAppDelegate.h */ = {isa = PBXFileReference; lastKnownFileType = sourcecode.c.h; path = ASMAppDelegate.h; sourceTree = "<group>"; };
		B4D5C0F7192D89CF00D6DF4C /* ASMAppDelegate.m */ = {isa = PBXFileReference; lastKnownFileType = sourcecode.c.objc; path = ASMAppDelegate.m; sourceTree = "<group>"; };
		B4D5C0FA192D89CF00D6DF4C /* Base */ = {isa = PBXFileReference; lastKnownFileType = file.storyboard; name = Base; path = Base.lproj/Main.storyboard; sourceTree = "<group>"; };
		B4D5C0FD192D89CF00D6DF4C /* Pace.xcdatamodel */ = {isa = PBXFileReference; lastKnownFileType = wrapper.xcdatamodel; path = Pace.xcdatamodel; sourceTree = "<group>"; };
		B4D5C0FF192D89CF00D6DF4C /* ASMMasterViewController.h */ = {isa = PBXFileReference; lastKnownFileType = sourcecode.c.h; path = ASMMasterViewController.h; sourceTree = "<group>"; };
		B4D5C100192D89CF00D6DF4C /* ASMMasterViewController.m */ = {isa = PBXFileReference; lastKnownFileType = sourcecode.c.objc; path = ASMMasterViewController.m; sourceTree = "<group>"; };
		B4D5C102192D89CF00D6DF4C /* ASMDetailViewController.h */ = {isa = PBXFileReference; lastKnownFileType = sourcecode.c.h; path = ASMDetailViewController.h; sourceTree = "<group>"; };
		B4D5C103192D89CF00D6DF4C /* ASMDetailViewController.m */ = {isa = PBXFileReference; lastKnownFileType = sourcecode.c.objc; path = ASMDetailViewController.m; sourceTree = "<group>"; };
		B4D5C105192D89CF00D6DF4C /* Images.xcassets */ = {isa = PBXFileReference; lastKnownFileType = folder.assetcatalog; path = Images.xcassets; sourceTree = "<group>"; };
		B4D5C10B192D89CF00D6DF4C /* PaceTests.xctest */ = {isa = PBXFileReference; explicitFileType = wrapper.cfbundle; includeInIndex = 0; path = PaceTests.xctest; sourceTree = BUILT_PRODUCTS_DIR; };
		B4D5C10C192D89CF00D6DF4C /* XCTest.framework */ = {isa = PBXFileReference; lastKnownFileType = wrapper.framework; name = XCTest.framework; path = Library/Frameworks/XCTest.framework; sourceTree = DEVELOPER_DIR; };
		B4D5C115192D89CF00D6DF4C /* PaceTests-Info.plist */ = {isa = PBXFileReference; lastKnownFileType = text.plist.xml; path = "PaceTests-Info.plist"; sourceTree = "<group>"; };
		B4D5C117192D89CF00D6DF4C /* en */ = {isa = PBXFileReference; lastKnownFileType = text.plist.strings; name = en; path = en.lproj/InfoPlist.strings; sourceTree = "<group>"; };
		B4D5C119192D89CF00D6DF4C /* PaceTests.m */ = {isa = PBXFileReference; lastKnownFileType = sourcecode.c.objc; path = PaceTests.m; sourceTree = "<group>"; };
		B4E5361C192D8E8E00F4C59F /* _ASMArtist.h */ = {isa = PBXFileReference; fileEncoding = 4; lastKnownFileType = sourcecode.c.h; path = _ASMArtist.h; sourceTree = SOURCE_ROOT; };
		B4E5361D192D8E8E00F4C59F /* _ASMArtist.m */ = {isa = PBXFileReference; fileEncoding = 4; lastKnownFileType = sourcecode.c.objc; path = _ASMArtist.m; sourceTree = SOURCE_ROOT; };
		B4E5361E192D8E8E00F4C59F /* _ASMTrack.h */ = {isa = PBXFileReference; fileEncoding = 4; lastKnownFileType = sourcecode.c.h; path = _ASMTrack.h; sourceTree = SOURCE_ROOT; };
		B4E5361F192D8E8E00F4C59F /* _ASMTrack.m */ = {isa = PBXFileReference; fileEncoding = 4; lastKnownFileType = sourcecode.c.objc; path = _ASMTrack.m; sourceTree = SOURCE_ROOT; };
		B4E53620192D8E8E00F4C59F /* ASMArtist.h */ = {isa = PBXFileReference; fileEncoding = 4; lastKnownFileType = sourcecode.c.h; path = ASMArtist.h; sourceTree = SOURCE_ROOT; };
		B4E53621192D8E8E00F4C59F /* ASMArtist.m */ = {isa = PBXFileReference; fileEncoding = 4; lastKnownFileType = sourcecode.c.objc; path = ASMArtist.m; sourceTree = SOURCE_ROOT; };
		B4E53622192D8E8E00F4C59F /* ASMTrack.h */ = {isa = PBXFileReference; fileEncoding = 4; lastKnownFileType = sourcecode.c.h; path = ASMTrack.h; sourceTree = SOURCE_ROOT; };
		B4E53623192D8E8E00F4C59F /* ASMTrack.m */ = {isa = PBXFileReference; fileEncoding = 4; lastKnownFileType = sourcecode.c.objc; path = ASMTrack.m; sourceTree = SOURCE_ROOT; };
		B4E5362A192D8F1F00F4C59F /* ASMMusicInfoImporter.h */ = {isa = PBXFileReference; fileEncoding = 4; lastKnownFileType = sourcecode.c.h; path = ASMMusicInfoImporter.h; sourceTree = "<group>"; };
		B4E5362B192D8F1F00F4C59F /* ASMMusicInfoImporter.m */ = {isa = PBXFileReference; fileEncoding = 4; lastKnownFileType = sourcecode.c.objc; path = ASMMusicInfoImporter.m; sourceTree = "<group>"; };
/* End PBXFileReference section */

/* Begin PBXFrameworksBuildPhase section */
		B4D5C0DF192D89CF00D6DF4C /* Frameworks */ = {
			isa = PBXFrameworksBuildPhase;
			buildActionMask = 2147483647;
			files = (
				B4D5C0E8192D89CF00D6DF4C /* CoreGraphics.framework in Frameworks */,
				B4D5C0EC192D89CF00D6DF4C /* CoreData.framework in Frameworks */,
				B4D5C0EA192D89CF00D6DF4C /* UIKit.framework in Frameworks */,
				B4D5C0E6192D89CF00D6DF4C /* Foundation.framework in Frameworks */,
				F89900A3284343A08C26357B /* libPods.a in Frameworks */,
			);
			runOnlyForDeploymentPostprocessing = 0;
		};
		B4D5C108192D89CF00D6DF4C /* Frameworks */ = {
			isa = PBXFrameworksBuildPhase;
			buildActionMask = 2147483647;
			files = (
				B4D5C10D192D89CF00D6DF4C /* XCTest.framework in Frameworks */,
				B4D5C110192D89CF00D6DF4C /* CoreData.framework in Frameworks */,
				B4D5C10F192D89CF00D6DF4C /* UIKit.framework in Frameworks */,
				B4D5C10E192D89CF00D6DF4C /* Foundation.framework in Frameworks */,
			);
			runOnlyForDeploymentPostprocessing = 0;
		};
/* End PBXFrameworksBuildPhase section */

/* Begin PBXGroup section */
		B4D5C0D9192D89CF00D6DF4C = {
			isa = PBXGroup;
			children = (
				B4D5C0ED192D89CF00D6DF4C /* Pace */,
				B4D5C113192D89CF00D6DF4C /* PaceTests */,
				B4D5C0E4192D89CF00D6DF4C /* Frameworks */,
				B4D5C0E3192D89CF00D6DF4C /* Products */,
				0984905DDCAD47118410A59B /* Pods.xcconfig */,
			);
			sourceTree = "<group>";
		};
		B4D5C0E3192D89CF00D6DF4C /* Products */ = {
			isa = PBXGroup;
			children = (
				B4D5C0E2192D89CF00D6DF4C /* Pace.app */,
				B4D5C10B192D89CF00D6DF4C /* PaceTests.xctest */,
			);
			name = Products;
			sourceTree = "<group>";
		};
		B4D5C0E4192D89CF00D6DF4C /* Frameworks */ = {
			isa = PBXGroup;
			children = (
				B4D5C0E5192D89CF00D6DF4C /* Foundation.framework */,
				B4D5C0E7192D89CF00D6DF4C /* CoreGraphics.framework */,
				B4D5C0E9192D89CF00D6DF4C /* UIKit.framework */,
				B4D5C0EB192D89CF00D6DF4C /* CoreData.framework */,
				B4D5C10C192D89CF00D6DF4C /* XCTest.framework */,
				252E99B689414A22AA24254B /* libPods.a */,
			);
			name = Frameworks;
			sourceTree = "<group>";
		};
		B4D5C0ED192D89CF00D6DF4C /* Pace */ = {
			isa = PBXGroup;
			children = (
				B4E5361B192D8E8000F4C59F /* Data Model */,
				B4D5C0F6192D89CF00D6DF4C /* ASMAppDelegate.h */,
				B4D5C0F7192D89CF00D6DF4C /* ASMAppDelegate.m */,
				B4D5C0F9192D89CF00D6DF4C /* Main.storyboard */,
				B4D5C0FF192D89CF00D6DF4C /* ASMMasterViewController.h */,
				B4D5C100192D89CF00D6DF4C /* ASMMasterViewController.m */,
				B4D5C102192D89CF00D6DF4C /* ASMDetailViewController.h */,
				B4D5C103192D89CF00D6DF4C /* ASMDetailViewController.m */,
				B4D5C105192D89CF00D6DF4C /* Images.xcassets */,
				B4D5C0FC192D89CF00D6DF4C /* Pace.xcdatamodeld */,
				B4D5C0EE192D89CF00D6DF4C /* Supporting Files */,
				B4E5362A192D8F1F00F4C59F /* ASMMusicInfoImporter.h */,
				B4E5362B192D8F1F00F4C59F /* ASMMusicInfoImporter.m */,
			);
			path = Pace;
			sourceTree = "<group>";
		};
		B4D5C0EE192D89CF00D6DF4C /* Supporting Files */ = {
			isa = PBXGroup;
			children = (
				B4D5C0EF192D89CF00D6DF4C /* Pace-Info.plist */,
				B4D5C0F0192D89CF00D6DF4C /* InfoPlist.strings */,
				B4D5C0F3192D89CF00D6DF4C /* main.m */,
				B4D5C0F5192D89CF00D6DF4C /* Pace-Prefix.pch */,
			);
			name = "Supporting Files";
			sourceTree = "<group>";
		};
		B4D5C113192D89CF00D6DF4C /* PaceTests */ = {
			isa = PBXGroup;
			children = (
				B4D5C119192D89CF00D6DF4C /* PaceTests.m */,
				B4D5C114192D89CF00D6DF4C /* Supporting Files */,
			);
			path = PaceTests;
			sourceTree = "<group>";
		};
		B4D5C114192D89CF00D6DF4C /* Supporting Files */ = {
			isa = PBXGroup;
			children = (
				B4D5C115192D89CF00D6DF4C /* PaceTests-Info.plist */,
				B4D5C116192D89CF00D6DF4C /* InfoPlist.strings */,
			);
			name = "Supporting Files";
			sourceTree = "<group>";
		};
		B4E5361B192D8E8000F4C59F /* Data Model */ = {
			isa = PBXGroup;
			children = (
				B4E53628192D8E9700F4C59F /* Computer */,
				B4E53629192D8EA200F4C59F /* Human */,
			);
			name = "Data Model";
			sourceTree = "<group>";
		};
		B4E53628192D8E9700F4C59F /* Computer */ = {
			isa = PBXGroup;
			children = (
				B4E5361C192D8E8E00F4C59F /* _ASMArtist.h */,
				B4E5361D192D8E8E00F4C59F /* _ASMArtist.m */,
				B4E5361E192D8E8E00F4C59F /* _ASMTrack.h */,
				B4E5361F192D8E8E00F4C59F /* _ASMTrack.m */,
			);
			name = Computer;
			sourceTree = "<group>";
		};
		B4E53629192D8EA200F4C59F /* Human */ = {
			isa = PBXGroup;
			children = (
				B4E53620192D8E8E00F4C59F /* ASMArtist.h */,
				B4E53621192D8E8E00F4C59F /* ASMArtist.m */,
				B4E53622192D8E8E00F4C59F /* ASMTrack.h */,
				B4E53623192D8E8E00F4C59F /* ASMTrack.m */,
			);
			name = Human;
			sourceTree = "<group>";
		};
/* End PBXGroup section */

/* Begin PBXNativeTarget section */
		B4D5C0E1192D89CF00D6DF4C /* Pace */ = {
			isa = PBXNativeTarget;
			buildConfigurationList = B4D5C11D192D89CF00D6DF4C /* Build configuration list for PBXNativeTarget "Pace" */;
			buildPhases = (
				3B522D62ADD3408B827B18DD /* Check Pods Manifest.lock */,
				B4D5C0DE192D89CF00D6DF4C /* Sources */,
				B4D5C0DF192D89CF00D6DF4C /* Frameworks */,
				B4D5C0E0192D89CF00D6DF4C /* Resources */,
				1CADDFFBCAB74A5C933FB17F /* Copy Pods Resources */,
			);
			buildRules = (
			);
			dependencies = (
			);
			name = Pace;
			productName = Pace;
			productReference = B4D5C0E2192D89CF00D6DF4C /* Pace.app */;
			productType = "com.apple.product-type.application";
		};
		B4D5C10A192D89CF00D6DF4C /* PaceTests */ = {
			isa = PBXNativeTarget;
			buildConfigurationList = B4D5C120192D89CF00D6DF4C /* Build configuration list for PBXNativeTarget "PaceTests" */;
			buildPhases = (
				B4D5C107192D89CF00D6DF4C /* Sources */,
				B4D5C108192D89CF00D6DF4C /* Frameworks */,
				B4D5C109192D89CF00D6DF4C /* Resources */,
			);
			buildRules = (
			);
			dependencies = (
				B4D5C112192D89CF00D6DF4C /* PBXTargetDependency */,
			);
			name = PaceTests;
			productName = PaceTests;
			productReference = B4D5C10B192D89CF00D6DF4C /* PaceTests.xctest */;
			productType = "com.apple.product-type.bundle.unit-test";
		};
/* End PBXNativeTarget section */

/* Begin PBXProject section */
		B4D5C0DA192D89CF00D6DF4C /* Project object */ = {
			isa = PBXProject;
			attributes = {
				CLASSPREFIX = ASM;
				LastUpgradeCheck = 0510;
				ORGANIZATIONNAME = "Andrew Molloy";
				TargetAttributes = {
					B4D5C10A192D89CF00D6DF4C = {
						TestTargetID = B4D5C0E1192D89CF00D6DF4C;
					};
				};
			};
			buildConfigurationList = B4D5C0DD192D89CF00D6DF4C /* Build configuration list for PBXProject "Pace" */;
			compatibilityVersion = "Xcode 3.2";
			developmentRegion = English;
			hasScannedForEncodings = 0;
			knownRegions = (
				en,
				Base,
			);
			mainGroup = B4D5C0D9192D89CF00D6DF4C;
			productRefGroup = B4D5C0E3192D89CF00D6DF4C /* Products */;
			projectDirPath = "";
			projectRoot = "";
			targets = (
				B4D5C0E1192D89CF00D6DF4C /* Pace */,
				B4D5C10A192D89CF00D6DF4C /* PaceTests */,
				B479B0B6192D8D2F00449566 /* Mogenerate */,
			);
		};
/* End PBXProject section */

/* Begin PBXResourcesBuildPhase section */
		B4D5C0E0192D89CF00D6DF4C /* Resources */ = {
			isa = PBXResourcesBuildPhase;
			buildActionMask = 2147483647;
			files = (
				B4D5C106192D89CF00D6DF4C /* Images.xcassets in Resources */,
				B4D5C0F2192D89CF00D6DF4C /* InfoPlist.strings in Resources */,
				B4D5C0FB192D89CF00D6DF4C /* Main.storyboard in Resources */,
			);
			runOnlyForDeploymentPostprocessing = 0;
		};
		B4D5C109192D89CF00D6DF4C /* Resources */ = {
			isa = PBXResourcesBuildPhase;
			buildActionMask = 2147483647;
			files = (
				B4D5C118192D89CF00D6DF4C /* InfoPlist.strings in Resources */,
			);
			runOnlyForDeploymentPostprocessing = 0;
		};
/* End PBXResourcesBuildPhase section */

/* Begin PBXShellScriptBuildPhase section */
		1CADDFFBCAB74A5C933FB17F /* Copy Pods Resources */ = {
			isa = PBXShellScriptBuildPhase;
			buildActionMask = 2147483647;
			files = (
			);
			inputPaths = (
			);
			name = "Copy Pods Resources";
			outputPaths = (
			);
			runOnlyForDeploymentPostprocessing = 0;
			shellPath = /bin/sh;
			shellScript = "\"${SRCROOT}/Pods/Pods-resources.sh\"\n";
			showEnvVarsInLog = 0;
		};
		3B522D62ADD3408B827B18DD /* Check Pods Manifest.lock */ = {
			isa = PBXShellScriptBuildPhase;
			buildActionMask = 2147483647;
			files = (
			);
			inputPaths = (
			);
			name = "Check Pods Manifest.lock";
			outputPaths = (
			);
			runOnlyForDeploymentPostprocessing = 0;
			shellPath = /bin/sh;
			shellScript = "diff \"${PODS_ROOT}/../Podfile.lock\" \"${PODS_ROOT}/Manifest.lock\" > /dev/null\nif [[ $? != 0 ]] ; then\n    cat << EOM\nerror: The sandbox is not in sync with the Podfile.lock. Run 'pod install' or update your CocoaPods installation.\nEOM\n    exit 1\nfi\n";
			showEnvVarsInLog = 0;
		};
		B479B0BA192D8D3500449566 /* ShellScript */ = {
			isa = PBXShellScriptBuildPhase;
			buildActionMask = 2147483647;
			files = (
			);
			inputPaths = (
			);
			outputPaths = (
			);
			runOnlyForDeploymentPostprocessing = 0;
			shellPath = /bin/sh;
			shellScript = "/usr/local/bin/mogenerator -m \"Pace/Pace.xcdatamodeld\" -O Pace/ --template-var arc=true";
		};
/* End PBXShellScriptBuildPhase section */

/* Begin PBXSourcesBuildPhase section */
		B4D5C0DE192D89CF00D6DF4C /* Sources */ = {
			isa = PBXSourcesBuildPhase;
			buildActionMask = 2147483647;
			files = (
				B4D5C101192D89CF00D6DF4C /* ASMMasterViewController.m in Sources */,
				B4D5C104192D89CF00D6DF4C /* ASMDetailViewController.m in Sources */,
				B4E53624192D8E8E00F4C59F /* _ASMArtist.m in Sources */,
				B4D5C0F8192D89CF00D6DF4C /* ASMAppDelegate.m in Sources */,
				B4E53625192D8E8E00F4C59F /* _ASMTrack.m in Sources */,
				B4D5C0F4192D89CF00D6DF4C /* main.m in Sources */,
				B4E53627192D8E8E00F4C59F /* ASMTrack.m in Sources */,
				B4E53626192D8E8E00F4C59F /* ASMArtist.m in Sources */,
				B4D5C0FE192D89CF00D6DF4C /* Pace.xcdatamodeld in Sources */,
				B4E5362C192D8F1F00F4C59F /* ASMMusicInfoImporter.m in Sources */,
			);
			runOnlyForDeploymentPostprocessing = 0;
		};
		B4D5C107192D89CF00D6DF4C /* Sources */ = {
			isa = PBXSourcesBuildPhase;
			buildActionMask = 2147483647;
			files = (
				B4D5C11A192D89CF00D6DF4C /* PaceTests.m in Sources */,
			);
			runOnlyForDeploymentPostprocessing = 0;
		};
/* End PBXSourcesBuildPhase section */

/* Begin PBXTargetDependency section */
		B4D5C112192D89CF00D6DF4C /* PBXTargetDependency */ = {
			isa = PBXTargetDependency;
			target = B4D5C0E1192D89CF00D6DF4C /* Pace */;
			targetProxy = B4D5C111192D89CF00D6DF4C /* PBXContainerItemProxy */;
		};
/* End PBXTargetDependency section */

/* Begin PBXVariantGroup section */
		B4D5C0F0192D89CF00D6DF4C /* InfoPlist.strings */ = {
			isa = PBXVariantGroup;
			children = (
				B4D5C0F1192D89CF00D6DF4C /* en */,
			);
			name = InfoPlist.strings;
			sourceTree = "<group>";
		};
		B4D5C0F9192D89CF00D6DF4C /* Main.storyboard */ = {
			isa = PBXVariantGroup;
			children = (
				B4D5C0FA192D89CF00D6DF4C /* Base */,
			);
			name = Main.storyboard;
			sourceTree = "<group>";
		};
		B4D5C116192D89CF00D6DF4C /* InfoPlist.strings */ = {
			isa = PBXVariantGroup;
			children = (
				B4D5C117192D89CF00D6DF4C /* en */,
			);
			name = InfoPlist.strings;
			sourceTree = "<group>";
		};
/* End PBXVariantGroup section */

/* Begin XCBuildConfiguration section */
		B479B0B7192D8D2F00449566 /* Debug */ = {
			isa = XCBuildConfiguration;
			buildSettings = {
				PRODUCT_NAME = "$(TARGET_NAME)";
			};
			name = Debug;
		};
		B479B0B8192D8D2F00449566 /* Release */ = {
			isa = XCBuildConfiguration;
			buildSettings = {
				PRODUCT_NAME = "$(TARGET_NAME)";
			};
			name = Release;
		};
		B4D5C11B192D89CF00D6DF4C /* Debug */ = {
			isa = XCBuildConfiguration;
			buildSettings = {
				ALWAYS_SEARCH_USER_PATHS = NO;
				CLANG_CXX_LANGUAGE_STANDARD = "gnu++0x";
				CLANG_CXX_LIBRARY = "libc++";
				CLANG_ENABLE_MODULES = YES;
				CLANG_ENABLE_OBJC_ARC = YES;
				CLANG_WARN_BOOL_CONVERSION = YES;
				CLANG_WARN_CONSTANT_CONVERSION = YES;
				CLANG_WARN_DIRECT_OBJC_ISA_USAGE = YES_ERROR;
				CLANG_WARN_EMPTY_BODY = YES;
				CLANG_WARN_ENUM_CONVERSION = YES;
				CLANG_WARN_INT_CONVERSION = YES;
				CLANG_WARN_OBJC_ROOT_CLASS = YES_ERROR;
				CLANG_WARN__DUPLICATE_METHOD_MATCH = YES;
				"CODE_SIGN_IDENTITY[sdk=iphoneos*]" = "iPhone Developer";
				COPY_PHASE_STRIP = NO;
				GCC_C_LANGUAGE_STANDARD = gnu99;
				GCC_DYNAMIC_NO_PIC = NO;
				GCC_OPTIMIZATION_LEVEL = 0;
				GCC_PREPROCESSOR_DEFINITIONS = (
					"DEBUG=1",
					"$(inherited)",
				);
				GCC_SYMBOLS_PRIVATE_EXTERN = NO;
				GCC_WARN_64_TO_32_BIT_CONVERSION = YES;
				GCC_WARN_ABOUT_RETURN_TYPE = YES_ERROR;
				GCC_WARN_UNDECLARED_SELECTOR = YES;
				GCC_WARN_UNINITIALIZED_AUTOS = YES_AGGRESSIVE;
				GCC_WARN_UNUSED_FUNCTION = YES;
				GCC_WARN_UNUSED_VARIABLE = YES;
				IPHONEOS_DEPLOYMENT_TARGET = 7.1;
				ONLY_ACTIVE_ARCH = YES;
				SDKROOT = iphoneos;
			};
			name = Debug;
		};
		B4D5C11C192D89CF00D6DF4C /* Release */ = {
			isa = XCBuildConfiguration;
			buildSettings = {
				ALWAYS_SEARCH_USER_PATHS = NO;
				CLANG_CXX_LANGUAGE_STANDARD = "gnu++0x";
				CLANG_CXX_LIBRARY = "libc++";
				CLANG_ENABLE_MODULES = YES;
				CLANG_ENABLE_OBJC_ARC = YES;
				CLANG_WARN_BOOL_CONVERSION = YES;
				CLANG_WARN_CONSTANT_CONVERSION = YES;
				CLANG_WARN_DIRECT_OBJC_ISA_USAGE = YES_ERROR;
				CLANG_WARN_EMPTY_BODY = YES;
				CLANG_WARN_ENUM_CONVERSION = YES;
				CLANG_WARN_INT_CONVERSION = YES;
				CLANG_WARN_OBJC_ROOT_CLASS = YES_ERROR;
				CLANG_WARN__DUPLICATE_METHOD_MATCH = YES;
				"CODE_SIGN_IDENTITY[sdk=iphoneos*]" = "iPhone Developer";
				COPY_PHASE_STRIP = YES;
				ENABLE_NS_ASSERTIONS = NO;
				GCC_C_LANGUAGE_STANDARD = gnu99;
				GCC_WARN_64_TO_32_BIT_CONVERSION = YES;
				GCC_WARN_ABOUT_RETURN_TYPE = YES_ERROR;
				GCC_WARN_UNDECLARED_SELECTOR = YES;
				GCC_WARN_UNINITIALIZED_AUTOS = YES_AGGRESSIVE;
				GCC_WARN_UNUSED_FUNCTION = YES;
				GCC_WARN_UNUSED_VARIABLE = YES;
				IPHONEOS_DEPLOYMENT_TARGET = 7.1;
				SDKROOT = iphoneos;
				VALIDATE_PRODUCT = YES;
			};
			name = Release;
		};
		B4D5C11E192D89CF00D6DF4C /* Debug */ = {
			isa = XCBuildConfiguration;
			baseConfigurationReference = 0984905DDCAD47118410A59B /* Pods.xcconfig */;
			buildSettings = {
				ASSETCATALOG_COMPILER_APPICON_NAME = AppIcon;
				ASSETCATALOG_COMPILER_LAUNCHIMAGE_NAME = LaunchImage;
				GCC_PRECOMPILE_PREFIX_HEADER = YES;
				GCC_PREFIX_HEADER = "Pace/Pace-Prefix.pch";
				INFOPLIST_FILE = "Pace/Pace-Info.plist";
				PRODUCT_NAME = "$(TARGET_NAME)";
				WRAPPER_EXTENSION = app;
			};
			name = Debug;
		};
		B4D5C11F192D89CF00D6DF4C /* Release */ = {
			isa = XCBuildConfiguration;
			baseConfigurationReference = 0984905DDCAD47118410A59B /* Pods.xcconfig */;
			buildSettings = {
				ASSETCATALOG_COMPILER_APPICON_NAME = AppIcon;
				ASSETCATALOG_COMPILER_LAUNCHIMAGE_NAME = LaunchImage;
				GCC_PRECOMPILE_PREFIX_HEADER = YES;
				GCC_PREFIX_HEADER = "Pace/Pace-Prefix.pch";
				INFOPLIST_FILE = "Pace/Pace-Info.plist";
				PRODUCT_NAME = "$(TARGET_NAME)";
				WRAPPER_EXTENSION = app;
			};
			name = Release;
		};
		B4D5C121192D89CF00D6DF4C /* Debug */ = {
			isa = XCBuildConfiguration;
			buildSettings = {
				BUNDLE_LOADER = "$(BUILT_PRODUCTS_DIR)/Pace.app/Pace";
				FRAMEWORK_SEARCH_PATHS = (
					"$(SDKROOT)/Developer/Library/Frameworks",
					"$(inherited)",
					"$(DEVELOPER_FRAMEWORKS_DIR)",
				);
				GCC_PRECOMPILE_PREFIX_HEADER = YES;
				GCC_PREFIX_HEADER = "Pace/Pace-Prefix.pch";
				GCC_PREPROCESSOR_DEFINITIONS = (
					"DEBUG=1",
					"$(inherited)",
				);
				INFOPLIST_FILE = "PaceTests/PaceTests-Info.plist";
				PRODUCT_NAME = "$(TARGET_NAME)";
				TEST_HOST = "$(BUNDLE_LOADER)";
				WRAPPER_EXTENSION = xctest;
			};
			name = Debug;
		};
		B4D5C122192D89CF00D6DF4C /* Release */ = {
			isa = XCBuildConfiguration;
			buildSettings = {
				BUNDLE_LOADER = "$(BUILT_PRODUCTS_DIR)/Pace.app/Pace";
				FRAMEWORK_SEARCH_PATHS = (
					"$(SDKROOT)/Developer/Library/Frameworks",
					"$(inherited)",
					"$(DEVELOPER_FRAMEWORKS_DIR)",
				);
				GCC_PRECOMPILE_PREFIX_HEADER = YES;
				GCC_PREFIX_HEADER = "Pace/Pace-Prefix.pch";
				INFOPLIST_FILE = "PaceTests/PaceTests-Info.plist";
				PRODUCT_NAME = "$(TARGET_NAME)";
				TEST_HOST = "$(BUNDLE_LOADER)";
				WRAPPER_EXTENSION = xctest;
			};
			name = Release;
		};
/* End XCBuildConfiguration section */

/* Begin XCConfigurationList section */
		B479B0B9192D8D2F00449566 /* Build configuration list for PBXAggregateTarget "Mogenerate" */ = {
			isa = XCConfigurationList;
			buildConfigurations = (
				B479B0B7192D8D2F00449566 /* Debug */,
				B479B0B8192D8D2F00449566 /* Release */,
			);
			defaultConfigurationIsVisible = 0;
			defaultConfigurationName = Release;
		};
		B4D5C0DD192D89CF00D6DF4C /* Build configuration list for PBXProject "Pace" */ = {
			isa = XCConfigurationList;
			buildConfigurations = (
				B4D5C11B192D89CF00D6DF4C /* Debug */,
				B4D5C11C192D89CF00D6DF4C /* Release */,
			);
			defaultConfigurationIsVisible = 0;
			defaultConfigurationName = Release;
		};
		B4D5C11D192D89CF00D6DF4C /* Build configuration list for PBXNativeTarget "Pace" */ = {
			isa = XCConfigurationList;
			buildConfigurations = (
				B4D5C11E192D89CF00D6DF4C /* Debug */,
				B4D5C11F192D89CF00D6DF4C /* Release */,
			);
			defaultConfigurationIsVisible = 0;
			defaultConfigurationName = Release;
		};
		B4D5C120192D89CF00D6DF4C /* Build configuration list for PBXNativeTarget "PaceTests" */ = {
			isa = XCConfigurationList;
			buildConfigurations = (
				B4D5C121192D89CF00D6DF4C /* Debug */,
				B4D5C122192D89CF00D6DF4C /* Release */,
			);
			defaultConfigurationIsVisible = 0;
			defaultConfigurationName = Release;
		};
/* End XCConfigurationList section */

/* Begin XCVersionGroup section */
		B4D5C0FC192D89CF00D6DF4C /* Pace.xcdatamodeld */ = {
			isa = XCVersionGroup;
			children = (
				B4D5C0FD192D89CF00D6DF4C /* Pace.xcdatamodel */,
			);
			currentVersion = B4D5C0FD192D89CF00D6DF4C /* Pace.xcdatamodel */;
			path = Pace.xcdatamodeld;
			sourceTree = "<group>";
			versionGroupType = wrapper.xcdatamodel;
		};
/* End XCVersionGroup section */
	};
	rootObject = B4D5C0DA192D89CF00D6DF4C /* Project object */;
}
